
Microsoft Visual Studio Solution File, Format Version 12.00
# Visual Studio 14
VisualStudioVersion = 14.0.25123.0
MinimumVisualStudioVersion = 10.0.40219.1
Project("{A4B1BF9C-DFB7-4CBA-B23C-C3038298BDBE}") = "Sitecore.Support.175229", "Sitecore.Support.175229\Sitecore.Support.175229.csproj", "{8F56A336-6760-4B6A-97D8-3E05E017D79B}"
EndProject
Global
	GlobalSection(SolutionConfigurationPlatforms) = preSolution
		Debug|Any CPU = Debug|Any CPU
		Release|Any CPU = Release|Any CPU
	EndGlobalSection
	GlobalSection(ProjectConfigurationPlatforms) = postSolution
		{8F56A336-6760-4B6A-97D8-3E05E017D79B}.Debug|Any CPU.ActiveCfg = Debug|Any CPU
		{8F56A336-6760-4B6A-97D8-3E05E017D79B}.Debug|Any CPU.Build.0 = Debug|Any CPU
		{8F56A336-6760-4B6A-97D8-3E05E017D79B}.Release|Any CPU.ActiveCfg = Release|Any CPU
		{8F56A336-6760-4B6A-97D8-3E05E017D79B}.Release|Any CPU.Build.0 = Release|Any CPU
	EndGlobalSection
	GlobalSection(SolutionProperties) = preSolution
		HideSolutionNode = FALSE
	EndGlobalSection
EndGlobal
